
Microsoft Visual Studio Solution File, Format Version 12.00
# Visual Studio Version 16
VisualStudioVersion = 16.0.30002.166
MinimumVisualStudioVersion = 10.0.40219.1
Project("{FAE04EC0-301F-11D3-BF4B-00C04F79EFBC}") = "WooCommerce.Tests", "WooCommerce.Tests\WooCommerce.Tests.csproj", "{B3AD8365-CA59-4006-99D2-5DE0620DDB96}"
EndProject
Global
	GlobalSection(SolutionConfigurationPlatforms) = preSolution
		Debug|Any CPU = Debug|Any CPU
		Release|Any CPU = Release|Any CPU
	EndGlobalSection
	GlobalSection(ProjectConfigurationPlatforms) = postSolution
		{B3AD8365-CA59-4006-99D2-5DE0620DDB96}.Debug|Any CPU.ActiveCfg = Debug|Any CPU
		{B3AD8365-CA59-4006-99D2-5DE0620DDB96}.Debug|Any CPU.Build.0 = Debug|Any CPU
		{B3AD8365-CA59-4006-99D2-5DE0620DDB96}.Release|Any CPU.ActiveCfg = Release|Any CPU
		{B3AD8365-CA59-4006-99D2-5DE0620DDB96}.Release|Any CPU.Build.0 = Release|Any CPU
	EndGlobalSection
	GlobalSection(SolutionProperties) = preSolution
		HideSolutionNode = FALSE
	EndGlobalSection
	GlobalSection(ExtensibilityGlobals) = postSolution
		SolutionGuid = {CFA67344-E926-4AEE-A117-7B75C087F56B}
	EndGlobalSection
EndGlobal
