
Microsoft Visual Studio Solution File, Format Version 12.00
# Visual Studio Version 16
VisualStudioVersion = 16.0.31005.135
MinimumVisualStudioVersion = 10.0.40219.1
Project("{9A19103F-16F7-4668-BE54-9A1E7A4F7556}") = "PX.Commerce.WooCommerce", "PX.Commerce.WooCommerce\PX.Commerce.WooCommerce.csproj", "{EC58CCA8-1734-4C76-B7F5-FB31A3E680E0}"
EndProject
Project("{E24C65DC-7377-472B-9ABA-BC803B73C61A}") = "AcumaticaDB21R1U9_2", "http://localhost/AcumaticaDB21R1U9_2", "{0B1E72DB-D4C8-4224-9BD8-FB2F27B55D6E}"
	ProjectSection(WebsiteProperties) = preProject
		UseIISExpress = "false"
		TargetFrameworkMoniker = ".NETFramework,Version%3Dv4.8"
		ProjectReferences = "{ec58cca8-1734-4c76-b7f5-fb31a3e680e0}|PX.Commerce.WooCommerce.dll;"
		Debug.AspNetCompiler.VirtualPath = "/AcumaticaDB21R1U9_2"
		Debug.AspNetCompiler.PhysicalPath = "..\..\..\..\AcumaticaInstances\AcumaticaDB21R1U9_2\"
		Debug.AspNetCompiler.TargetPath = "PrecompiledWeb\AcumaticaDB21R1U9_2\"
		Debug.AspNetCompiler.Updateable = "true"
		Debug.AspNetCompiler.ForceOverwrite = "true"
		Debug.AspNetCompiler.FixedNames = "false"
		Debug.AspNetCompiler.Debug = "True"
		Release.AspNetCompiler.VirtualPath = "/AcumaticaDB21R1U9_2"
		Release.AspNetCompiler.PhysicalPath = "..\..\..\..\AcumaticaInstances\AcumaticaDB21R1U9_2\"
		Release.AspNetCompiler.TargetPath = "PrecompiledWeb\AcumaticaDB21R1U9_2\"
		Release.AspNetCompiler.Updateable = "true"
		Release.AspNetCompiler.ForceOverwrite = "true"
		Release.AspNetCompiler.FixedNames = "false"
		Release.AspNetCompiler.Debug = "False"
		SlnRelativePath = "..\..\..\..\AcumaticaInstances\AcumaticaDB21R1U9_2\"
	EndProjectSection
EndProject
Global
	GlobalSection(SolutionConfigurationPlatforms) = preSolution
		Debug|Any CPU = Debug|Any CPU
		Release|Any CPU = Release|Any CPU
	EndGlobalSection
	GlobalSection(ProjectConfigurationPlatforms) = postSolution
		{EC58CCA8-1734-4C76-B7F5-FB31A3E680E0}.Debug|Any CPU.ActiveCfg = Debug|Any CPU
		{EC58CCA8-1734-4C76-B7F5-FB31A3E680E0}.Debug|Any CPU.Build.0 = Debug|Any CPU
		{EC58CCA8-1734-4C76-B7F5-FB31A3E680E0}.Release|Any CPU.ActiveCfg = Release|Any CPU
		{EC58CCA8-1734-4C76-B7F5-FB31A3E680E0}.Release|Any CPU.Build.0 = Release|Any CPU
		{0B1E72DB-D4C8-4224-9BD8-FB2F27B55D6E}.Debug|Any CPU.ActiveCfg = Debug|Any CPU
		{0B1E72DB-D4C8-4224-9BD8-FB2F27B55D6E}.Debug|Any CPU.Build.0 = Debug|Any CPU
		{0B1E72DB-D4C8-4224-9BD8-FB2F27B55D6E}.Release|Any CPU.ActiveCfg = Debug|Any CPU
		{0B1E72DB-D4C8-4224-9BD8-FB2F27B55D6E}.Release|Any CPU.Build.0 = Debug|Any CPU
	EndGlobalSection
	GlobalSection(SolutionProperties) = preSolution
		HideSolutionNode = FALSE
	EndGlobalSection
	GlobalSection(ExtensibilityGlobals) = postSolution
		SolutionGuid = {630E5AEF-70EA-4296-8A3F-061A3F1425DB}
	EndGlobalSection
EndGlobal
